
Microsoft Visual Studio Solution File, Format Version 12.00
# Visual Studio Version 17
VisualStudioVersion = 17.4.33110.190
MinimumVisualStudioVersion = 10.0.40219.1
Project("{FAE04EC0-301F-11D3-BF4B-00C04F79EFBC}") = "mongotraining", "mongotraining\mongotraining.csproj", "{8B264A6D-66C2-44F1-941E-EA213C0948B1}"
EndProject
Project("{FAE04EC0-301F-11D3-BF4B-00C04F79EFBC}") = "MongoDataAccess", "MongoDataAccess\MongoDataAccess.csproj", "{EEC0FC14-BD6C-4787-8D79-3081E2D88EC5}"
EndProject
Global
	GlobalSection(SolutionConfigurationPlatforms) = preSolution
		Debug|Any CPU = Debug|Any CPU
		Release|Any CPU = Release|Any CPU
	EndGlobalSection
	GlobalSection(ProjectConfigurationPlatforms) = postSolution
		{8B264A6D-66C2-44F1-941E-EA213C0948B1}.Debug|Any CPU.ActiveCfg = Debug|Any CPU
		{8B264A6D-66C2-44F1-941E-EA213C0948B1}.Debug|Any CPU.Build.0 = Debug|Any CPU
		{8B264A6D-66C2-44F1-941E-EA213C0948B1}.Release|Any CPU.ActiveCfg = Release|Any CPU
		{8B264A6D-66C2-44F1-941E-EA213C0948B1}.Release|Any CPU.Build.0 = Release|Any CPU
		{EEC0FC14-BD6C-4787-8D79-3081E2D88EC5}.Debug|Any CPU.ActiveCfg = Debug|Any CPU
		{EEC0FC14-BD6C-4787-8D79-3081E2D88EC5}.Debug|Any CPU.Build.0 = Debug|Any CPU
		{EEC0FC14-BD6C-4787-8D79-3081E2D88EC5}.Release|Any CPU.ActiveCfg = Release|Any CPU
		{EEC0FC14-BD6C-4787-8D79-3081E2D88EC5}.Release|Any CPU.Build.0 = Release|Any CPU
	EndGlobalSection
	GlobalSection(SolutionProperties) = preSolution
		HideSolutionNode = FALSE
	EndGlobalSection
	GlobalSection(ExtensibilityGlobals) = postSolution
		SolutionGuid = {66B8CF69-CC78-4988-9A87-07632F773E8F}
	EndGlobalSection
EndGlobal
